
Microsoft Visual Studio Solution File, Format Version 12.00
# Visual Studio Version 16
VisualStudioVersion = 16.0.28922.388
MinimumVisualStudioVersion = 10.0.40219.1
Project("{9A19103F-16F7-4668-BE54-9A1E7A4F7556}") = "SportsStore", "SportsStore.csproj", "{4891B868-5F0F-4BF4-A4DB-2E0716FFE3DF}"
EndProject
Global
	GlobalSection(SolutionConfigurationPlatforms) = preSolution
		Debug|Any CPU = Debug|Any CPU
		Release|Any CPU = Release|Any CPU
	EndGlobalSection
	GlobalSection(ProjectConfigurationPlatforms) = postSolution
		{4891B868-5F0F-4BF4-A4DB-2E0716FFE3DF}.Debug|Any CPU.ActiveCfg = Debug|Any CPU
		{4891B868-5F0F-4BF4-A4DB-2E0716FFE3DF}.Debug|Any CPU.Build.0 = Debug|Any CPU
		{4891B868-5F0F-4BF4-A4DB-2E0716FFE3DF}.Release|Any CPU.ActiveCfg = Release|Any CPU
		{4891B868-5F0F-4BF4-A4DB-2E0716FFE3DF}.Release|Any CPU.Build.0 = Release|Any CPU
	EndGlobalSection
	GlobalSection(SolutionProperties) = preSolution
		HideSolutionNode = FALSE
	EndGlobalSection
	GlobalSection(ExtensibilityGlobals) = postSolution
		SolutionGuid = {F2EFD4C5-3E65-41C4-A241-1FE4416C49F6}
	EndGlobalSection
EndGlobal
